
Microsoft Visual Studio Solution File, Format Version 12.00
# Visual Studio 2013
VisualStudioVersion = 12.0.30723.0
MinimumVisualStudioVersion = 10.0.40219.1
Project("{FAE04EC0-301F-11D3-BF4B-00C04F79EFBC}") = "ShowManagement.Web", "ShowManagement.Web\ShowManagement.Web.csproj", "{8A06C23C-B649-47ED-9EF1-15D10919F1AE}"
EndProject
Project("{FAE04EC0-301F-11D3-BF4B-00C04F79EFBC}") = "ShowManagement.Core", "ShowManagement.Core\ShowManagement.Core.csproj", "{5BAC28ED-95AD-4830-A2A1-C67F85D1BFAD}"
EndProject
Project("{FAE04EC0-301F-11D3-BF4B-00C04F79EFBC}") = "ShowManagement.Client.WPF", "ShowManagement.Client.WPF\ShowManagement.Client.WPF.csproj", "{534696E3-1441-4094-86DB-480328731496}"
EndProject
Project("{FAE04EC0-301F-11D3-BF4B-00C04F79EFBC}") = "ShowManagement.Client.Console", "ShowManagement.Client.Console\ShowManagement.Client.Console.csproj", "{8798040E-024E-494C-BE74-46DE6FE2FDDA}"
EndProject
Global
	GlobalSection(SolutionConfigurationPlatforms) = preSolution
		Debug|Any CPU = Debug|Any CPU
		Release|Any CPU = Release|Any CPU
	EndGlobalSection
	GlobalSection(ProjectConfigurationPlatforms) = postSolution
		{8A06C23C-B649-47ED-9EF1-15D10919F1AE}.Debug|Any CPU.ActiveCfg = Debug|Any CPU
		{8A06C23C-B649-47ED-9EF1-15D10919F1AE}.Debug|Any CPU.Build.0 = Debug|Any CPU
		{8A06C23C-B649-47ED-9EF1-15D10919F1AE}.Release|Any CPU.ActiveCfg = Release|Any CPU
		{8A06C23C-B649-47ED-9EF1-15D10919F1AE}.Release|Any CPU.Build.0 = Release|Any CPU
		{5BAC28ED-95AD-4830-A2A1-C67F85D1BFAD}.Debug|Any CPU.ActiveCfg = Debug|Any CPU
		{5BAC28ED-95AD-4830-A2A1-C67F85D1BFAD}.Debug|Any CPU.Build.0 = Debug|Any CPU
		{5BAC28ED-95AD-4830-A2A1-C67F85D1BFAD}.Release|Any CPU.ActiveCfg = Release|Any CPU
		{5BAC28ED-95AD-4830-A2A1-C67F85D1BFAD}.Release|Any CPU.Build.0 = Release|Any CPU
		{534696E3-1441-4094-86DB-480328731496}.Debug|Any CPU.ActiveCfg = Debug|Any CPU
		{534696E3-1441-4094-86DB-480328731496}.Debug|Any CPU.Build.0 = Debug|Any CPU
		{534696E3-1441-4094-86DB-480328731496}.Release|Any CPU.ActiveCfg = Release|Any CPU
		{534696E3-1441-4094-86DB-480328731496}.Release|Any CPU.Build.0 = Release|Any CPU
		{8798040E-024E-494C-BE74-46DE6FE2FDDA}.Debug|Any CPU.ActiveCfg = Debug|Any CPU
		{8798040E-024E-494C-BE74-46DE6FE2FDDA}.Debug|Any CPU.Build.0 = Debug|Any CPU
		{8798040E-024E-494C-BE74-46DE6FE2FDDA}.Release|Any CPU.ActiveCfg = Release|Any CPU
		{8798040E-024E-494C-BE74-46DE6FE2FDDA}.Release|Any CPU.Build.0 = Release|Any CPU
	EndGlobalSection
	GlobalSection(SolutionProperties) = preSolution
		HideSolutionNode = FALSE
	EndGlobalSection
EndGlobal
