
Microsoft Visual Studio Solution File, Format Version 12.00
# Visual Studio 2013
VisualStudioVersion = 12.0.30723.0
MinimumVisualStudioVersion = 10.0.40219.1
Project("{2150E333-8FDC-42A3-9474-1A3956D46DE8}") = "_Shared", "_Shared", "{0BAC3EFD-17C9-47FC-A0B5-B0337DBE2E82}"
EndProject
Project("{FAE04EC0-301F-11D3-BF4B-00C04F79EFBC}") = "ShowManagement.Business", "ShowManagement.Business\ShowManagement.Business.csproj", "{F5B8871E-8108-4B8D-81C5-9DF33AC19BFA}"
EndProject
Project("{FAE04EC0-301F-11D3-BF4B-00C04F79EFBC}") = "ShowManagement.Core", "ShowManagement.Core\ShowManagement.Core.csproj", "{5BAC28ED-95AD-4830-A2A1-C67F85D1BFAD}"
EndProject
Project("{FAE04EC0-301F-11D3-BF4B-00C04F79EFBC}") = "Repository.Pattern", "Repository\Repository.Pattern\Repository.Pattern.csproj", "{E102599C-6BB7-402B-B725-CE2650E97EAE}"
EndProject
Project("{FAE04EC0-301F-11D3-BF4B-00C04F79EFBC}") = "Repository.Pattern.Ef6", "Repository\Repository.Pattern.Ef6\Repository.Pattern.Ef6.csproj", "{532BF909-A3C3-4074-B16D-9B743FFC0890}"
EndProject
Project("{FAE04EC0-301F-11D3-BF4B-00C04F79EFBC}") = "Service.Pattern", "Service.Pattern\Service.Pattern.csproj", "{8630AC3C-CE3F-4953-977B-C10895BCF178}"
EndProject
Project("{2150E333-8FDC-42A3-9474-1A3956D46DE8}") = "Framework", "Framework", "{8367B3ED-7529-4368-9308-DC15335538A1}"
EndProject
Project("{FAE04EC0-301F-11D3-BF4B-00C04F79EFBC}") = "Entities.Pattern", "Entities.Pattern\Entities.Pattern.csproj", "{9C9DA4A0-EF87-47D5-A5B7-72B676406E2D}"
EndProject
Project("{FAE04EC0-301F-11D3-BF4B-00C04F79EFBC}") = "ShowManagement.Entity", "ShowManagement.Entity\ShowManagement.Entity.csproj", "{AB9A69C6-A222-4F56-B052-53246979D4F2}"
EndProject
Project("{FAE04EC0-301F-11D3-BF4B-00C04F79EFBC}") = "ShowManagement.Repository", "ShowManagement.Repository\ShowManagement.Repository.csproj", "{9EFC9D9C-24AD-4B8C-9806-787FD1487C1E}"
EndProject
Project("{FAE04EC0-301F-11D3-BF4B-00C04F79EFBC}") = "ShowManagement.Service", "ShowManagement.Service\ShowManagement.Service.csproj", "{04F5DD4D-9074-48E4-B65F-D90D2C7D9095}"
EndProject
Project("{FAE04EC0-301F-11D3-BF4B-00C04F79EFBC}") = "ShowManagent.WebApi", "ShowManagent.WebApi\ShowManagent.WebApi.csproj", "{37853EFE-FFEB-4509-98DA-2D2331F62DC1}"
EndProject
Global
	GlobalSection(SolutionConfigurationPlatforms) = preSolution
		Debug|Any CPU = Debug|Any CPU
		Release|Any CPU = Release|Any CPU
	EndGlobalSection
	GlobalSection(ProjectConfigurationPlatforms) = postSolution
		{F5B8871E-8108-4B8D-81C5-9DF33AC19BFA}.Debug|Any CPU.ActiveCfg = Debug|Any CPU
		{F5B8871E-8108-4B8D-81C5-9DF33AC19BFA}.Debug|Any CPU.Build.0 = Debug|Any CPU
		{F5B8871E-8108-4B8D-81C5-9DF33AC19BFA}.Release|Any CPU.ActiveCfg = Release|Any CPU
		{F5B8871E-8108-4B8D-81C5-9DF33AC19BFA}.Release|Any CPU.Build.0 = Release|Any CPU
		{5BAC28ED-95AD-4830-A2A1-C67F85D1BFAD}.Debug|Any CPU.ActiveCfg = Debug|Any CPU
		{5BAC28ED-95AD-4830-A2A1-C67F85D1BFAD}.Debug|Any CPU.Build.0 = Debug|Any CPU
		{5BAC28ED-95AD-4830-A2A1-C67F85D1BFAD}.Release|Any CPU.ActiveCfg = Release|Any CPU
		{5BAC28ED-95AD-4830-A2A1-C67F85D1BFAD}.Release|Any CPU.Build.0 = Release|Any CPU
		{E102599C-6BB7-402B-B725-CE2650E97EAE}.Debug|Any CPU.ActiveCfg = Debug|Any CPU
		{E102599C-6BB7-402B-B725-CE2650E97EAE}.Debug|Any CPU.Build.0 = Debug|Any CPU
		{E102599C-6BB7-402B-B725-CE2650E97EAE}.Release|Any CPU.ActiveCfg = Release|Any CPU
		{E102599C-6BB7-402B-B725-CE2650E97EAE}.Release|Any CPU.Build.0 = Release|Any CPU
		{532BF909-A3C3-4074-B16D-9B743FFC0890}.Debug|Any CPU.ActiveCfg = Debug|Any CPU
		{532BF909-A3C3-4074-B16D-9B743FFC0890}.Debug|Any CPU.Build.0 = Debug|Any CPU
		{532BF909-A3C3-4074-B16D-9B743FFC0890}.Release|Any CPU.ActiveCfg = Release|Any CPU
		{532BF909-A3C3-4074-B16D-9B743FFC0890}.Release|Any CPU.Build.0 = Release|Any CPU
		{8630AC3C-CE3F-4953-977B-C10895BCF178}.Debug|Any CPU.ActiveCfg = Debug|Any CPU
		{8630AC3C-CE3F-4953-977B-C10895BCF178}.Debug|Any CPU.Build.0 = Debug|Any CPU
		{8630AC3C-CE3F-4953-977B-C10895BCF178}.Release|Any CPU.ActiveCfg = Release|Any CPU
		{8630AC3C-CE3F-4953-977B-C10895BCF178}.Release|Any CPU.Build.0 = Release|Any CPU
		{9C9DA4A0-EF87-47D5-A5B7-72B676406E2D}.Debug|Any CPU.ActiveCfg = Debug|Any CPU
		{9C9DA4A0-EF87-47D5-A5B7-72B676406E2D}.Debug|Any CPU.Build.0 = Debug|Any CPU
		{9C9DA4A0-EF87-47D5-A5B7-72B676406E2D}.Release|Any CPU.ActiveCfg = Release|Any CPU
		{9C9DA4A0-EF87-47D5-A5B7-72B676406E2D}.Release|Any CPU.Build.0 = Release|Any CPU
		{AB9A69C6-A222-4F56-B052-53246979D4F2}.Debug|Any CPU.ActiveCfg = Debug|Any CPU
		{AB9A69C6-A222-4F56-B052-53246979D4F2}.Debug|Any CPU.Build.0 = Debug|Any CPU
		{AB9A69C6-A222-4F56-B052-53246979D4F2}.Release|Any CPU.ActiveCfg = Release|Any CPU
		{AB9A69C6-A222-4F56-B052-53246979D4F2}.Release|Any CPU.Build.0 = Release|Any CPU
		{9EFC9D9C-24AD-4B8C-9806-787FD1487C1E}.Debug|Any CPU.ActiveCfg = Debug|Any CPU
		{9EFC9D9C-24AD-4B8C-9806-787FD1487C1E}.Debug|Any CPU.Build.0 = Debug|Any CPU
		{9EFC9D9C-24AD-4B8C-9806-787FD1487C1E}.Release|Any CPU.ActiveCfg = Release|Any CPU
		{9EFC9D9C-24AD-4B8C-9806-787FD1487C1E}.Release|Any CPU.Build.0 = Release|Any CPU
		{04F5DD4D-9074-48E4-B65F-D90D2C7D9095}.Debug|Any CPU.ActiveCfg = Debug|Any CPU
		{04F5DD4D-9074-48E4-B65F-D90D2C7D9095}.Debug|Any CPU.Build.0 = Debug|Any CPU
		{04F5DD4D-9074-48E4-B65F-D90D2C7D9095}.Release|Any CPU.ActiveCfg = Release|Any CPU
		{04F5DD4D-9074-48E4-B65F-D90D2C7D9095}.Release|Any CPU.Build.0 = Release|Any CPU
		{37853EFE-FFEB-4509-98DA-2D2331F62DC1}.Debug|Any CPU.ActiveCfg = Debug|Any CPU
		{37853EFE-FFEB-4509-98DA-2D2331F62DC1}.Debug|Any CPU.Build.0 = Debug|Any CPU
		{37853EFE-FFEB-4509-98DA-2D2331F62DC1}.Release|Any CPU.ActiveCfg = Release|Any CPU
		{37853EFE-FFEB-4509-98DA-2D2331F62DC1}.Release|Any CPU.Build.0 = Release|Any CPU
	EndGlobalSection
	GlobalSection(SolutionProperties) = preSolution
		HideSolutionNode = FALSE
	EndGlobalSection
	GlobalSection(NestedProjects) = preSolution
		{F5B8871E-8108-4B8D-81C5-9DF33AC19BFA} = {0BAC3EFD-17C9-47FC-A0B5-B0337DBE2E82}
		{5BAC28ED-95AD-4830-A2A1-C67F85D1BFAD} = {0BAC3EFD-17C9-47FC-A0B5-B0337DBE2E82}
		{E102599C-6BB7-402B-B725-CE2650E97EAE} = {8367B3ED-7529-4368-9308-DC15335538A1}
		{532BF909-A3C3-4074-B16D-9B743FFC0890} = {8367B3ED-7529-4368-9308-DC15335538A1}
		{8630AC3C-CE3F-4953-977B-C10895BCF178} = {8367B3ED-7529-4368-9308-DC15335538A1}
		{9C9DA4A0-EF87-47D5-A5B7-72B676406E2D} = {8367B3ED-7529-4368-9308-DC15335538A1}
	EndGlobalSection
EndGlobal
